
Microsoft Visual Studio Solution File, Format Version 12.00
# Visual Studio Version 17
VisualStudioVersion = 17.12.35527.113
MinimumVisualStudioVersion = 10.0.40219.1
Project("{2150E333-8FDC-42A3-9474-1A3956D46DE8}") = "Services", "Services", "{C409ED86-D7A3-4D59-BBB6-3A88575F0F1C}"
EndProject
Project("{2150E333-8FDC-42A3-9474-1A3956D46DE8}") = "Catalog", "Catalog", "{20FE7C5E-C63A-4D84-A625-B7594E403364}"
EndProject
Project("{FAE04EC0-301F-11D3-BF4B-00C04F79EFBC}") = "Catalog.API", "Services\Catalog\Catalog.API\Catalog.API.csproj", "{E9C67FDF-DF63-4035-915F-0B564140C5B1}"
EndProject
Project("{2150E333-8FDC-42A3-9474-1A3956D46DE8}") = "BuildingBlocks", "BuildingBlocks", "{4816D01E-6857-4E77-86E2-7797046344C1}"
EndProject
Project("{FAE04EC0-301F-11D3-BF4B-00C04F79EFBC}") = "BuildingBlocks", "BuildingBlocks\BuildingBlocks\BuildingBlocks.csproj", "{24B339CD-055C-4989-83E2-CE410E21DFEE}"
EndProject
Project("{E53339B2-1760-4266-BCC7-CA923CBCF16C}") = "docker-compose", "docker-compose.dcproj", "{E9C87010-300D-4479-900A-834BB6F113FD}"
EndProject
Project("{2150E333-8FDC-42A3-9474-1A3956D46DE8}") = "Basket", "Basket", "{714CBC4B-7E35-4BB2-8823-F81FA6E806CC}"
EndProject
Project("{FAE04EC0-301F-11D3-BF4B-00C04F79EFBC}") = "Basket.API", "Services\Basket\Basket.API\Basket.API.csproj", "{7FACD633-673D-4243-BD36-3A480154DB0D}"
EndProject
Project("{2150E333-8FDC-42A3-9474-1A3956D46DE8}") = "Discount", "Discount", "{C74A7F7E-F7B2-4086-A7B0-13F27B35765A}"
EndProject
Project("{FAE04EC0-301F-11D3-BF4B-00C04F79EFBC}") = "Discount.Grpc", "Services\Discount\Discount.Grpc\Discount.Grpc.csproj", "{7C6CE829-C93A-4F7C-A5FC-6B0C568AA140}"
EndProject
Project("{2150E333-8FDC-42A3-9474-1A3956D46DE8}") = "Ordering", "Ordering", "{C1ECB6D8-30C4-4177-B6BC-A21DC80E6B80}"
EndProject
Project("{FAE04EC0-301F-11D3-BF4B-00C04F79EFBC}") = "Ordering.API", "Services\Ordering\Ordering.API\Ordering.API.csproj", "{9BFA0A67-2AF0-44A8-A143-B7A8E0CDC589}"
EndProject
Project("{FAE04EC0-301F-11D3-BF4B-00C04F79EFBC}") = "Ordering.Domain", "Services\Ordering\Ordering.Domain\Ordering.Domain.csproj", "{103517CD-79B0-46BC-9102-F998E2704156}"
EndProject
Project("{FAE04EC0-301F-11D3-BF4B-00C04F79EFBC}") = "Ordering.Application", "Services\Ordering\Ordering.Application\Ordering.Application.csproj", "{78785D25-B93D-4A56-9E04-D5F227396944}"
EndProject
Project("{FAE04EC0-301F-11D3-BF4B-00C04F79EFBC}") = "Ordering.Infrastructure", "Services\Ordering\Ordering.Infrastructure\Ordering.Infrastructure.csproj", "{1E16790B-13C9-4C8D-AB9E-69F4E533F4B5}"
EndProject
Project("{FAE04EC0-301F-11D3-BF4B-00C04F79EFBC}") = "BuildingBlocks.Messaging", "BuildingBlocks\BuildingBlocks.Messaging\BuildingBlocks.Messaging.csproj", "{1599805A-EBF9-4747-9D1F-F5CD2A9413DD}"
EndProject
Project("{2150E333-8FDC-42A3-9474-1A3956D46DE8}") = "ApiGateways", "ApiGateways", "{40BA4CF7-0EFA-4183-855E-D4FBDCCA25F2}"
EndProject
Project("{FAE04EC0-301F-11D3-BF4B-00C04F79EFBC}") = "YarpApiGateway", "ApiGateways\YarpApiGateway\YarpApiGateway.csproj", "{D665D3AF-86EB-4ABE-BE11-3909285A463A}"
EndProject
Project("{2150E333-8FDC-42A3-9474-1A3956D46DE8}") = "WebAps", "WebAps", "{5AD66BBE-A7A3-4D98-B941-A953B2E6F8FC}"
EndProject
Project("{FAE04EC0-301F-11D3-BF4B-00C04F79EFBC}") = "Shopping.Web", "WebApps\Shopping.Web\Shopping.Web.csproj", "{14A350AB-943C-4B10-9C18-21FD656A9C4A}"
EndProject
Project("{FAE04EC0-301F-11D3-BF4B-00C04F79EFBC}") = "IdentityServer", "IdentityServer\IdentityServer.csproj", "{18F8A9A4-8617-447A-ADD6-F2FA08A10D26}"
EndProject
Global
	GlobalSection(SolutionConfigurationPlatforms) = preSolution
		Debug|Any CPU = Debug|Any CPU
		Release|Any CPU = Release|Any CPU
	EndGlobalSection
	GlobalSection(ProjectConfigurationPlatforms) = postSolution
		{E9C67FDF-DF63-4035-915F-0B564140C5B1}.Debug|Any CPU.ActiveCfg = Debug|Any CPU
		{E9C67FDF-DF63-4035-915F-0B564140C5B1}.Debug|Any CPU.Build.0 = Debug|Any CPU
		{E9C67FDF-DF63-4035-915F-0B564140C5B1}.Release|Any CPU.ActiveCfg = Release|Any CPU
		{E9C67FDF-DF63-4035-915F-0B564140C5B1}.Release|Any CPU.Build.0 = Release|Any CPU
		{24B339CD-055C-4989-83E2-CE410E21DFEE}.Debug|Any CPU.ActiveCfg = Debug|Any CPU
		{24B339CD-055C-4989-83E2-CE410E21DFEE}.Debug|Any CPU.Build.0 = Debug|Any CPU
		{24B339CD-055C-4989-83E2-CE410E21DFEE}.Release|Any CPU.ActiveCfg = Release|Any CPU
		{24B339CD-055C-4989-83E2-CE410E21DFEE}.Release|Any CPU.Build.0 = Release|Any CPU
		{E9C87010-300D-4479-900A-834BB6F113FD}.Debug|Any CPU.ActiveCfg = Debug|Any CPU
		{E9C87010-300D-4479-900A-834BB6F113FD}.Debug|Any CPU.Build.0 = Debug|Any CPU
		{E9C87010-300D-4479-900A-834BB6F113FD}.Release|Any CPU.ActiveCfg = Release|Any CPU
		{E9C87010-300D-4479-900A-834BB6F113FD}.Release|Any CPU.Build.0 = Release|Any CPU
		{7FACD633-673D-4243-BD36-3A480154DB0D}.Debug|Any CPU.ActiveCfg = Debug|Any CPU
		{7FACD633-673D-4243-BD36-3A480154DB0D}.Debug|Any CPU.Build.0 = Debug|Any CPU
		{7FACD633-673D-4243-BD36-3A480154DB0D}.Release|Any CPU.ActiveCfg = Release|Any CPU
		{7FACD633-673D-4243-BD36-3A480154DB0D}.Release|Any CPU.Build.0 = Release|Any CPU
		{7C6CE829-C93A-4F7C-A5FC-6B0C568AA140}.Debug|Any CPU.ActiveCfg = Debug|Any CPU
		{7C6CE829-C93A-4F7C-A5FC-6B0C568AA140}.Debug|Any CPU.Build.0 = Debug|Any CPU
		{7C6CE829-C93A-4F7C-A5FC-6B0C568AA140}.Release|Any CPU.ActiveCfg = Release|Any CPU
		{7C6CE829-C93A-4F7C-A5FC-6B0C568AA140}.Release|Any CPU.Build.0 = Release|Any CPU
		{9BFA0A67-2AF0-44A8-A143-B7A8E0CDC589}.Debug|Any CPU.ActiveCfg = Debug|Any CPU
		{9BFA0A67-2AF0-44A8-A143-B7A8E0CDC589}.Debug|Any CPU.Build.0 = Debug|Any CPU
		{9BFA0A67-2AF0-44A8-A143-B7A8E0CDC589}.Release|Any CPU.ActiveCfg = Release|Any CPU
		{9BFA0A67-2AF0-44A8-A143-B7A8E0CDC589}.Release|Any CPU.Build.0 = Release|Any CPU
		{103517CD-79B0-46BC-9102-F998E2704156}.Debug|Any CPU.ActiveCfg = Debug|Any CPU
		{103517CD-79B0-46BC-9102-F998E2704156}.Debug|Any CPU.Build.0 = Debug|Any CPU
		{103517CD-79B0-46BC-9102-F998E2704156}.Release|Any CPU.ActiveCfg = Release|Any CPU
		{103517CD-79B0-46BC-9102-F998E2704156}.Release|Any CPU.Build.0 = Release|Any CPU
		{78785D25-B93D-4A56-9E04-D5F227396944}.Debug|Any CPU.ActiveCfg = Debug|Any CPU
		{78785D25-B93D-4A56-9E04-D5F227396944}.Debug|Any CPU.Build.0 = Debug|Any CPU
		{78785D25-B93D-4A56-9E04-D5F227396944}.Release|Any CPU.ActiveCfg = Release|Any CPU
		{78785D25-B93D-4A56-9E04-D5F227396944}.Release|Any CPU.Build.0 = Release|Any CPU
		{1E16790B-13C9-4C8D-AB9E-69F4E533F4B5}.Debug|Any CPU.ActiveCfg = Debug|Any CPU
		{1E16790B-13C9-4C8D-AB9E-69F4E533F4B5}.Debug|Any CPU.Build.0 = Debug|Any CPU
		{1E16790B-13C9-4C8D-AB9E-69F4E533F4B5}.Release|Any CPU.ActiveCfg = Release|Any CPU
		{1E16790B-13C9-4C8D-AB9E-69F4E533F4B5}.Release|Any CPU.Build.0 = Release|Any CPU
		{1599805A-EBF9-4747-9D1F-F5CD2A9413DD}.Debug|Any CPU.ActiveCfg = Debug|Any CPU
		{1599805A-EBF9-4747-9D1F-F5CD2A9413DD}.Debug|Any CPU.Build.0 = Debug|Any CPU
		{1599805A-EBF9-4747-9D1F-F5CD2A9413DD}.Release|Any CPU.ActiveCfg = Release|Any CPU
		{1599805A-EBF9-4747-9D1F-F5CD2A9413DD}.Release|Any CPU.Build.0 = Release|Any CPU
		{D665D3AF-86EB-4ABE-BE11-3909285A463A}.Debug|Any CPU.ActiveCfg = Debug|Any CPU
		{D665D3AF-86EB-4ABE-BE11-3909285A463A}.Debug|Any CPU.Build.0 = Debug|Any CPU
		{D665D3AF-86EB-4ABE-BE11-3909285A463A}.Release|Any CPU.ActiveCfg = Release|Any CPU
		{D665D3AF-86EB-4ABE-BE11-3909285A463A}.Release|Any CPU.Build.0 = Release|Any CPU
		{14A350AB-943C-4B10-9C18-21FD656A9C4A}.Debug|Any CPU.ActiveCfg = Debug|Any CPU
		{14A350AB-943C-4B10-9C18-21FD656A9C4A}.Debug|Any CPU.Build.0 = Debug|Any CPU
		{14A350AB-943C-4B10-9C18-21FD656A9C4A}.Release|Any CPU.ActiveCfg = Release|Any CPU
		{14A350AB-943C-4B10-9C18-21FD656A9C4A}.Release|Any CPU.Build.0 = Release|Any CPU
		{18F8A9A4-8617-447A-ADD6-F2FA08A10D26}.Debug|Any CPU.ActiveCfg = Debug|Any CPU
		{18F8A9A4-8617-447A-ADD6-F2FA08A10D26}.Debug|Any CPU.Build.0 = Debug|Any CPU
		{18F8A9A4-8617-447A-ADD6-F2FA08A10D26}.Release|Any CPU.ActiveCfg = Release|Any CPU
		{18F8A9A4-8617-447A-ADD6-F2FA08A10D26}.Release|Any CPU.Build.0 = Release|Any CPU
	EndGlobalSection
	GlobalSection(SolutionProperties) = preSolution
		HideSolutionNode = FALSE
	EndGlobalSection
	GlobalSection(NestedProjects) = preSolution
		{20FE7C5E-C63A-4D84-A625-B7594E403364} = {C409ED86-D7A3-4D59-BBB6-3A88575F0F1C}
		{E9C67FDF-DF63-4035-915F-0B564140C5B1} = {20FE7C5E-C63A-4D84-A625-B7594E403364}
		{24B339CD-055C-4989-83E2-CE410E21DFEE} = {4816D01E-6857-4E77-86E2-7797046344C1}
		{714CBC4B-7E35-4BB2-8823-F81FA6E806CC} = {C409ED86-D7A3-4D59-BBB6-3A88575F0F1C}
		{7FACD633-673D-4243-BD36-3A480154DB0D} = {714CBC4B-7E35-4BB2-8823-F81FA6E806CC}
		{C74A7F7E-F7B2-4086-A7B0-13F27B35765A} = {C409ED86-D7A3-4D59-BBB6-3A88575F0F1C}
		{7C6CE829-C93A-4F7C-A5FC-6B0C568AA140} = {C74A7F7E-F7B2-4086-A7B0-13F27B35765A}
		{C1ECB6D8-30C4-4177-B6BC-A21DC80E6B80} = {C409ED86-D7A3-4D59-BBB6-3A88575F0F1C}
		{9BFA0A67-2AF0-44A8-A143-B7A8E0CDC589} = {C1ECB6D8-30C4-4177-B6BC-A21DC80E6B80}
		{103517CD-79B0-46BC-9102-F998E2704156} = {C1ECB6D8-30C4-4177-B6BC-A21DC80E6B80}
		{78785D25-B93D-4A56-9E04-D5F227396944} = {C1ECB6D8-30C4-4177-B6BC-A21DC80E6B80}
		{1E16790B-13C9-4C8D-AB9E-69F4E533F4B5} = {C1ECB6D8-30C4-4177-B6BC-A21DC80E6B80}
		{1599805A-EBF9-4747-9D1F-F5CD2A9413DD} = {4816D01E-6857-4E77-86E2-7797046344C1}
		{D665D3AF-86EB-4ABE-BE11-3909285A463A} = {40BA4CF7-0EFA-4183-855E-D4FBDCCA25F2}
		{14A350AB-943C-4B10-9C18-21FD656A9C4A} = {5AD66BBE-A7A3-4D98-B941-A953B2E6F8FC}
	EndGlobalSection
EndGlobal
